// !$*UTF8*$!
{
	archiveVersion = 1;
	classes = {
	};
	objectVersion = 55;
	objects = {

/* Begin PBXBuildFile section */
		FCFBF9E228422EF4009B13A7 /* AppDelegate.swift in Sources */ = {isa = PBXBuildFile; fileRef = FCFBF9E128422EF4009B13A7 /* AppDelegate.swift */; };
		FCFBF9E428422EF4009B13A7 /* SceneDelegate.swift in Sources */ = {isa = PBXBuildFile; fileRef = FCFBF9E328422EF4009B13A7 /* SceneDelegate.swift */; };
		FCFBF9EB28422EF5009B13A7 /* Assets.xcassets in Resources */ = {isa = PBXBuildFile; fileRef = FCFBF9EA28422EF5009B13A7 /* Assets.xcassets */; };
		FCFBF9EE28422EF5009B13A7 /* LaunchScreen.storyboard in Resources */ = {isa = PBXBuildFile; fileRef = FCFBF9EC28422EF5009B13A7 /* LaunchScreen.storyboard */; };
		FCFBF9F928422EF6009B13A7 /* ScoreModelTests.swift in Sources */ = {isa = PBXBuildFile; fileRef = FCFBF9F828422EF6009B13A7 /* ScoreModelTests.swift */; };
		FCFBFA0328422EF6009B13A7 /* ClearScoreUITests.swift in Sources */ = {isa = PBXBuildFile; fileRef = FCFBFA0228422EF6009B13A7 /* ClearScoreUITests.swift */; };
		FCFBFA0528422EF6009B13A7 /* ClearScoreUITestsLaunchTests.swift in Sources */ = {isa = PBXBuildFile; fileRef = FCFBFA0428422EF6009B13A7 /* ClearScoreUITestsLaunchTests.swift */; };
		FCFBFA3628422F23009B13A7 /* LoadingModuleBuilder.swift in Sources */ = {isa = PBXBuildFile; fileRef = FCFBFA1528422F23009B13A7 /* LoadingModuleBuilder.swift */; };
		FCFBFA3728422F23009B13A7 /* LongTermDebtModuleBuilder.swift in Sources */ = {isa = PBXBuildFile; fileRef = FCFBFA1628422F23009B13A7 /* LongTermDebtModuleBuilder.swift */; };
		FCFBFA3828422F23009B13A7 /* ReportModuleBuilder.swift in Sources */ = {isa = PBXBuildFile; fileRef = FCFBFA1728422F23009B13A7 /* ReportModuleBuilder.swift */; };
		FCFBFA3928422F23009B13A7 /* ProductionEnvironmentBuilder.swift in Sources */ = {isa = PBXBuildFile; fileRef = FCFBFA1828422F23009B13A7 /* ProductionEnvironmentBuilder.swift */; };
		FCFBFA3A28422F23009B13A7 /* ScoreModuleBuilder.swift in Sources */ = {isa = PBXBuildFile; fileRef = FCFBFA1928422F23009B13A7 /* ScoreModuleBuilder.swift */; };
		FCFBFA3B28422F23009B13A7 /* BuilderProtocols.swift in Sources */ = {isa = PBXBuildFile; fileRef = FCFBFA1A28422F23009B13A7 /* BuilderProtocols.swift */; };
		FCFBFA3C28422F23009B13A7 /* ShortTermDebtModuleBuilder.swift in Sources */ = {isa = PBXBuildFile; fileRef = FCFBFA1B28422F23009B13A7 /* ShortTermDebtModuleBuilder.swift */; };
		FCFBFA3D28422F23009B13A7 /* TestEnvironmentBuilder.swift in Sources */ = {isa = PBXBuildFile; fileRef = FCFBFA1C28422F23009B13A7 /* TestEnvironmentBuilder.swift */; };
		FCFBFA3E28422F23009B13A7 /* Percentage.swift in Sources */ = {isa = PBXBuildFile; fileRef = FCFBFA1E28422F23009B13A7 /* Percentage.swift */; };
		FCFBFA3F28422F23009B13A7 /* Currency.swift in Sources */ = {isa = PBXBuildFile; fileRef = FCFBFA1F28422F23009B13A7 /* Currency.swift */; };
		FCFBFA4028422F23009B13A7 /* ApplicationConfiguration.swift in Sources */ = {isa = PBXBuildFile; fileRef = FCFBFA2028422F23009B13A7 /* ApplicationConfiguration.swift */; };
		FCFBFA4128422F23009B13A7 /* ScoreModel.swift in Sources */ = {isa = PBXBuildFile; fileRef = FCFBFA2128422F23009B13A7 /* ScoreModel.swift */; };
		FCFBFA4228422F23009B13A7 /* Environment.swift in Sources */ = {isa = PBXBuildFile; fileRef = FCFBFA2328422F23009B13A7 /* Environment.swift */; };
		FCFBFA4428422F23009B13A7 /* HTTP.swift in Sources */ = {isa = PBXBuildFile; fileRef = FCFBFA2628422F23009B13A7 /* HTTP.swift */; };
		FCFBFA4528422F23009B13A7 /* ScoreViewController.swift in Sources */ = {isa = PBXBuildFile; fileRef = FCFBFA2828422F23009B13A7 /* ScoreViewController.swift */; };
		FCFBFA4628422F23009B13A7 /* ReportViewController.swift in Sources */ = {isa = PBXBuildFile; fileRef = FCFBFA2928422F23009B13A7 /* ReportViewController.swift */; };
		FCFBFA4728422F23009B13A7 /* InfoViewController.swift in Sources */ = {isa = PBXBuildFile; fileRef = FCFBFA2A28422F23009B13A7 /* InfoViewController.swift */; };
		FCFBFA4828422F23009B13A7 /* LoadingViewController.swift in Sources */ = {isa = PBXBuildFile; fileRef = FCFBFA2B28422F23009B13A7 /* LoadingViewController.swift */; };
		FCFBFA4928422F23009B13A7 /* ScoreWebRepository.swift in Sources */ = {isa = PBXBuildFile; fileRef = FCFBFA2D28422F23009B13A7 /* ScoreWebRepository.swift */; };
		FCFBFA4A28422F23009B13A7 /* MockScoreRepository.swift in Sources */ = {isa = PBXBuildFile; fileRef = FCFBFA2E28422F23009B13A7 /* MockScoreRepository.swift */; };
		FCFBFA4B28422F23009B13A7 /* RepositoryProtocols.swift in Sources */ = {isa = PBXBuildFile; fileRef = FCFBFA2F28422F23009B13A7 /* RepositoryProtocols.swift */; };
		FCFBFA4D28422F23009B13A7 /* InfoItemView.swift in Sources */ = {isa = PBXBuildFile; fileRef = FCFBFA3328422F23009B13A7 /* InfoItemView.swift */; };
		FCFBFA4E28422F23009B13A7 /* ArcView.swift in Sources */ = {isa = PBXBuildFile; fileRef = FCFBFA3428422F23009B13A7 /* ArcView.swift */; };
		FCFBFA4F28422F23009B13A7 /* VideoView.swift in Sources */ = {isa = PBXBuildFile; fileRef = FCFBFA3528422F23009B13A7 /* VideoView.swift */; };
		FCFBFA5428422FE3009B13A7 /* Configuration-debug.plist in Resources */ = {isa = PBXBuildFile; fileRef = FCFBFA5028422FDF009B13A7 /* Configuration-debug.plist */; };
		FCFBFA5528422FE3009B13A7 /* background-0.mp4 in Resources */ = {isa = PBXBuildFile; fileRef = FCFBFA5128422FE2009B13A7 /* background-0.mp4 */; };
		FCFBFA5628422FE3009B13A7 /* Localizable.strings in Resources */ = {isa = PBXBuildFile; fileRef = FCFBFA5228422FE2009B13A7 /* Localizable.strings */; };
		FCFBFA5728422FE3009B13A7 /* background-1.mov in Resources */ = {isa = PBXBuildFile; fileRef = FCFBFA5328422FE3009B13A7 /* background-1.mov */; };
		FCFBFA5928422FF4009B13A7 /* Configuration-release.plist in Resources */ = {isa = PBXBuildFile; fileRef = FCFBFA5828422FF4009B13A7 /* Configuration-release.plist */; };
		FCFBFA5D284239EF009B13A7 /* ScoreWebRepositoryTests.swift in Sources */ = {isa = PBXBuildFile; fileRef = FCFBFA5C284239EF009B13A7 /* ScoreWebRepositoryTests.swift */; };
		FCFBFA5F28425180009B13A7 /* Endpoint.swift in Sources */ = {isa = PBXBuildFile; fileRef = FCFBFA5E28425180009B13A7 /* Endpoint.swift */; };
		FCFBFA6128425626009B13A7 /* XCTestExtensions.swift in Sources */ = {isa = PBXBuildFile; fileRef = FCFBFA6028425626009B13A7 /* XCTestExtensions.swift */; };
		FCFBFA63284256E9009B13A7 /* JSONHTTPCodableTransportTests.swift in Sources */ = {isa = PBXBuildFile; fileRef = FCFBFA62284256E9009B13A7 /* JSONHTTPCodableTransportTests.swift */; };
		FCFBFA6D284264E0009B13A7 /* ToastViewController.swift in Sources */ = {isa = PBXBuildFile; fileRef = FCFBFA6C284264E0009B13A7 /* ToastViewController.swift */; };
		FCFBFA6F284265C9009B13A7 /* AbstractViewModelViewController.swift in Sources */ = {isa = PBXBuildFile; fileRef = FCFBFA6E284265C9009B13A7 /* AbstractViewModelViewController.swift */; };
		FCFBFA71284268E1009B13A7 /* CardView.swift in Sources */ = {isa = PBXBuildFile; fileRef = FCFBFA70284268E1009B13A7 /* CardView.swift */; };
		FCFBFA7328427258009B13A7 /* UserMessage.swift in Sources */ = {isa = PBXBuildFile; fileRef = FCFBFA7228427258009B13A7 /* UserMessage.swift */; };
		FCFBFA75284273F2009B13A7 /* ToastModuleBuilder.swift in Sources */ = {isa = PBXBuildFile; fileRef = FCFBFA74284273F2009B13A7 /* ToastModuleBuilder.swift */; };
		FCFBFA77284274AA009B13A7 /* ApplicationModuleBuilder.swift in Sources */ = {isa = PBXBuildFile; fileRef = FCFBFA76284274AA009B13A7 /* ApplicationModuleBuilder.swift */; };
		FCFBFA79284276DE009B13A7 /* PassthroughView.swift in Sources */ = {isa = PBXBuildFile; fileRef = FCFBFA78284276DE009B13A7 /* PassthroughView.swift */; };
		FCFBFA7E2842B863009B13A7 /* LayoutExtensions.swift in Sources */ = {isa = PBXBuildFile; fileRef = FCFBFA7D2842B863009B13A7 /* LayoutExtensions.swift */; };
		FCFBFA802842BB42009B13A7 /* Transformer.swift in Sources */ = {isa = PBXBuildFile; fileRef = FCFBFA7F2842BB42009B13A7 /* Transformer.swift */; };
/* End PBXBuildFile section */

/* Begin PBXContainerItemProxy section */
		FCFBF9F528422EF6009B13A7 /* PBXContainerItemProxy */ = {
			isa = PBXContainerItemProxy;
			containerPortal = FCFBF9D628422EF4009B13A7 /* Project object */;
			proxyType = 1;
			remoteGlobalIDString = FCFBF9DD28422EF4009B13A7;
			remoteInfo = ClearScore;
		};
		FCFBF9FF28422EF6009B13A7 /* PBXContainerItemProxy */ = {
			isa = PBXContainerItemProxy;
			containerPortal = FCFBF9D628422EF4009B13A7 /* Project object */;
			proxyType = 1;
			remoteGlobalIDString = FCFBF9DD28422EF4009B13A7;
			remoteInfo = ClearScore;
		};
/* End PBXContainerItemProxy section */

/* Begin PBXFileReference section */
		FCFBF9DE28422EF4009B13A7 /* ClearScore.app */ = {isa = PBXFileReference; explicitFileType = wrapper.application; includeInIndex = 0; path = ClearScore.app; sourceTree = BUILT_PRODUCTS_DIR; };
		FCFBF9E128422EF4009B13A7 /* AppDelegate.swift */ = {isa = PBXFileReference; lastKnownFileType = sourcecode.swift; path = AppDelegate.swift; sourceTree = "<group>"; };
		FCFBF9E328422EF4009B13A7 /* SceneDelegate.swift */ = {isa = PBXFileReference; lastKnownFileType = sourcecode.swift; path = SceneDelegate.swift; sourceTree = "<group>"; };
		FCFBF9EA28422EF5009B13A7 /* Assets.xcassets */ = {isa = PBXFileReference; lastKnownFileType = folder.assetcatalog; path = Assets.xcassets; sourceTree = "<group>"; };
		FCFBF9ED28422EF5009B13A7 /* Base */ = {isa = PBXFileReference; lastKnownFileType = file.storyboard; name = Base; path = Base.lproj/LaunchScreen.storyboard; sourceTree = "<group>"; };
		FCFBF9EF28422EF5009B13A7 /* Info.plist */ = {isa = PBXFileReference; lastKnownFileType = text.plist.xml; path = Info.plist; sourceTree = "<group>"; };
		FCFBF9F428422EF6009B13A7 /* ClearScoreTests.xctest */ = {isa = PBXFileReference; explicitFileType = wrapper.cfbundle; includeInIndex = 0; path = ClearScoreTests.xctest; sourceTree = BUILT_PRODUCTS_DIR; };
		FCFBF9F828422EF6009B13A7 /* ScoreModelTests.swift */ = {isa = PBXFileReference; lastKnownFileType = sourcecode.swift; path = ScoreModelTests.swift; sourceTree = "<group>"; };
		FCFBF9FE28422EF6009B13A7 /* ClearScoreUITests.xctest */ = {isa = PBXFileReference; explicitFileType = wrapper.cfbundle; includeInIndex = 0; path = ClearScoreUITests.xctest; sourceTree = BUILT_PRODUCTS_DIR; };
		FCFBFA0228422EF6009B13A7 /* ClearScoreUITests.swift */ = {isa = PBXFileReference; lastKnownFileType = sourcecode.swift; path = ClearScoreUITests.swift; sourceTree = "<group>"; };
		FCFBFA0428422EF6009B13A7 /* ClearScoreUITestsLaunchTests.swift */ = {isa = PBXFileReference; lastKnownFileType = sourcecode.swift; path = ClearScoreUITestsLaunchTests.swift; sourceTree = "<group>"; };
		FCFBFA1528422F23009B13A7 /* LoadingModuleBuilder.swift */ = {isa = PBXFileReference; fileEncoding = 4; lastKnownFileType = sourcecode.swift; path = LoadingModuleBuilder.swift; sourceTree = "<group>"; };
		FCFBFA1628422F23009B13A7 /* LongTermDebtModuleBuilder.swift */ = {isa = PBXFileReference; fileEncoding = 4; lastKnownFileType = sourcecode.swift; path = LongTermDebtModuleBuilder.swift; sourceTree = "<group>"; };
		FCFBFA1728422F23009B13A7 /* ReportModuleBuilder.swift */ = {isa = PBXFileReference; fileEncoding = 4; lastKnownFileType = sourcecode.swift; path = ReportModuleBuilder.swift; sourceTree = "<group>"; };
		FCFBFA1828422F23009B13A7 /* ProductionEnvironmentBuilder.swift */ = {isa = PBXFileReference; fileEncoding = 4; lastKnownFileType = sourcecode.swift; path = ProductionEnvironmentBuilder.swift; sourceTree = "<group>"; };
		FCFBFA1928422F23009B13A7 /* ScoreModuleBuilder.swift */ = {isa = PBXFileReference; fileEncoding = 4; lastKnownFileType = sourcecode.swift; path = ScoreModuleBuilder.swift; sourceTree = "<group>"; };
		FCFBFA1A28422F23009B13A7 /* BuilderProtocols.swift */ = {isa = PBXFileReference; fileEncoding = 4; lastKnownFileType = sourcecode.swift; path = BuilderProtocols.swift; sourceTree = "<group>"; };
		FCFBFA1B28422F23009B13A7 /* ShortTermDebtModuleBuilder.swift */ = {isa = PBXFileReference; fileEncoding = 4; lastKnownFileType = sourcecode.swift; path = ShortTermDebtModuleBuilder.swift; sourceTree = "<group>"; };
		FCFBFA1C28422F23009B13A7 /* TestEnvironmentBuilder.swift */ = {isa = PBXFileReference; fileEncoding = 4; lastKnownFileType = sourcecode.swift; path = TestEnvironmentBuilder.swift; sourceTree = "<group>"; };
		FCFBFA1E28422F23009B13A7 /* Percentage.swift */ = {isa = PBXFileReference; fileEncoding = 4; lastKnownFileType = sourcecode.swift; path = Percentage.swift; sourceTree = "<group>"; };
		FCFBFA1F28422F23009B13A7 /* Currency.swift */ = {isa = PBXFileReference; fileEncoding = 4; lastKnownFileType = sourcecode.swift; path = Currency.swift; sourceTree = "<group>"; };
		FCFBFA2028422F23009B13A7 /* ApplicationConfiguration.swift */ = {isa = PBXFileReference; fileEncoding = 4; lastKnownFileType = sourcecode.swift; path = ApplicationConfiguration.swift; sourceTree = "<group>"; };
		FCFBFA2128422F23009B13A7 /* ScoreModel.swift */ = {isa = PBXFileReference; fileEncoding = 4; lastKnownFileType = sourcecode.swift; path = ScoreModel.swift; sourceTree = "<group>"; };
		FCFBFA2328422F23009B13A7 /* Environment.swift */ = {isa = PBXFileReference; fileEncoding = 4; lastKnownFileType = sourcecode.swift; path = Environment.swift; sourceTree = "<group>"; };
		FCFBFA2628422F23009B13A7 /* HTTP.swift */ = {isa = PBXFileReference; fileEncoding = 4; lastKnownFileType = sourcecode.swift; path = HTTP.swift; sourceTree = "<group>"; };
		FCFBFA2828422F23009B13A7 /* ScoreViewController.swift */ = {isa = PBXFileReference; fileEncoding = 4; lastKnownFileType = sourcecode.swift; path = ScoreViewController.swift; sourceTree = "<group>"; };
		FCFBFA2928422F23009B13A7 /* ReportViewController.swift */ = {isa = PBXFileReference; fileEncoding = 4; lastKnownFileType = sourcecode.swift; path = ReportViewController.swift; sourceTree = "<group>"; };
		FCFBFA2A28422F23009B13A7 /* InfoViewController.swift */ = {isa = PBXFileReference; fileEncoding = 4; lastKnownFileType = sourcecode.swift; path = InfoViewController.swift; sourceTree = "<group>"; };
		FCFBFA2B28422F23009B13A7 /* LoadingViewController.swift */ = {isa = PBXFileReference; fileEncoding = 4; lastKnownFileType = sourcecode.swift; path = LoadingViewController.swift; sourceTree = "<group>"; };
		FCFBFA2D28422F23009B13A7 /* ScoreWebRepository.swift */ = {isa = PBXFileReference; fileEncoding = 4; lastKnownFileType = sourcecode.swift; path = ScoreWebRepository.swift; sourceTree = "<group>"; };
		FCFBFA2E28422F23009B13A7 /* MockScoreRepository.swift */ = {isa = PBXFileReference; fileEncoding = 4; lastKnownFileType = sourcecode.swift; path = MockScoreRepository.swift; sourceTree = "<group>"; };
		FCFBFA2F28422F23009B13A7 /* RepositoryProtocols.swift */ = {isa = PBXFileReference; fileEncoding = 4; lastKnownFileType = sourcecode.swift; path = RepositoryProtocols.swift; sourceTree = "<group>"; };
		FCFBFA3328422F23009B13A7 /* InfoItemView.swift */ = {isa = PBXFileReference; fileEncoding = 4; lastKnownFileType = sourcecode.swift; path = InfoItemView.swift; sourceTree = "<group>"; };
		FCFBFA3428422F23009B13A7 /* ArcView.swift */ = {isa = PBXFileReference; fileEncoding = 4; lastKnownFileType = sourcecode.swift; path = ArcView.swift; sourceTree = "<group>"; };
		FCFBFA3528422F23009B13A7 /* VideoView.swift */ = {isa = PBXFileReference; fileEncoding = 4; lastKnownFileType = sourcecode.swift; path = VideoView.swift; sourceTree = "<group>"; };
		FCFBFA5028422FDF009B13A7 /* Configuration-debug.plist */ = {isa = PBXFileReference; fileEncoding = 4; lastKnownFileType = text.plist.xml; path = "Configuration-debug.plist"; sourceTree = "<group>"; };
		FCFBFA5128422FE2009B13A7 /* background-0.mp4 */ = {isa = PBXFileReference; lastKnownFileType = file; path = "background-0.mp4"; sourceTree = "<group>"; };
		FCFBFA5228422FE2009B13A7 /* Localizable.strings */ = {isa = PBXFileReference; fileEncoding = 4; lastKnownFileType = text.plist.strings; path = Localizable.strings; sourceTree = "<group>"; };
		FCFBFA5328422FE3009B13A7 /* background-1.mov */ = {isa = PBXFileReference; lastKnownFileType = video.quicktime; path = "background-1.mov"; sourceTree = "<group>"; };
		FCFBFA5828422FF4009B13A7 /* Configuration-release.plist */ = {isa = PBXFileReference; fileEncoding = 4; lastKnownFileType = text.plist.xml; path = "Configuration-release.plist"; sourceTree = "<group>"; };
		FCFBFA5C284239EF009B13A7 /* ScoreWebRepositoryTests.swift */ = {isa = PBXFileReference; lastKnownFileType = sourcecode.swift; path = ScoreWebRepositoryTests.swift; sourceTree = "<group>"; };
		FCFBFA5E28425180009B13A7 /* Endpoint.swift */ = {isa = PBXFileReference; lastKnownFileType = sourcecode.swift; path = Endpoint.swift; sourceTree = "<group>"; };
		FCFBFA6028425626009B13A7 /* XCTestExtensions.swift */ = {isa = PBXFileReference; lastKnownFileType = sourcecode.swift; path = XCTestExtensions.swift; sourceTree = "<group>"; };
		FCFBFA62284256E9009B13A7 /* JSONHTTPCodableTransportTests.swift */ = {isa = PBXFileReference; lastKnownFileType = sourcecode.swift; path = JSONHTTPCodableTransportTests.swift; sourceTree = "<group>"; };
		FCFBFA6B28426461009B13A7 /* README.md */ = {isa = PBXFileReference; lastKnownFileType = net.daringfireball.markdown; path = README.md; sourceTree = "<group>"; };
		FCFBFA6C284264E0009B13A7 /* ToastViewController.swift */ = {isa = PBXFileReference; lastKnownFileType = sourcecode.swift; path = ToastViewController.swift; sourceTree = "<group>"; };
		FCFBFA6E284265C9009B13A7 /* AbstractViewModelViewController.swift */ = {isa = PBXFileReference; lastKnownFileType = sourcecode.swift; path = AbstractViewModelViewController.swift; sourceTree = "<group>"; };
		FCFBFA70284268E1009B13A7 /* CardView.swift */ = {isa = PBXFileReference; lastKnownFileType = sourcecode.swift; path = CardView.swift; sourceTree = "<group>"; };
		FCFBFA7228427258009B13A7 /* UserMessage.swift */ = {isa = PBXFileReference; lastKnownFileType = sourcecode.swift; path = UserMessage.swift; sourceTree = "<group>"; };
		FCFBFA74284273F2009B13A7 /* ToastModuleBuilder.swift */ = {isa = PBXFileReference; lastKnownFileType = sourcecode.swift; path = ToastModuleBuilder.swift; sourceTree = "<group>"; };
		FCFBFA76284274AA009B13A7 /* ApplicationModuleBuilder.swift */ = {isa = PBXFileReference; lastKnownFileType = sourcecode.swift; path = ApplicationModuleBuilder.swift; sourceTree = "<group>"; };
		FCFBFA78284276DE009B13A7 /* PassthroughView.swift */ = {isa = PBXFileReference; lastKnownFileType = sourcecode.swift; path = PassthroughView.swift; sourceTree = "<group>"; };
		FCFBFA7B28429F20009B13A7 /* score-light-portrait.png */ = {isa = PBXFileReference; lastKnownFileType = image.png; path = "score-light-portrait.png"; sourceTree = "<group>"; };
		FCFBFA7D2842B863009B13A7 /* LayoutExtensions.swift */ = {isa = PBXFileReference; lastKnownFileType = sourcecode.swift; path = LayoutExtensions.swift; sourceTree = "<group>"; };
		FCFBFA7F2842BB42009B13A7 /* Transformer.swift */ = {isa = PBXFileReference; lastKnownFileType = sourcecode.swift; path = Transformer.swift; sourceTree = "<group>"; };
/* End PBXFileReference section */

/* Begin PBXFrameworksBuildPhase section */
		FCFBF9DB28422EF4009B13A7 /* Frameworks */ = {
			isa = PBXFrameworksBuildPhase;
			buildActionMask = 2147483647;
			files = (
			);
			runOnlyForDeploymentPostprocessing = 0;
		};
		FCFBF9F128422EF6009B13A7 /* Frameworks */ = {
			isa = PBXFrameworksBuildPhase;
			buildActionMask = 2147483647;
			files = (
			);
			runOnlyForDeploymentPostprocessing = 0;
		};
		FCFBF9FB28422EF6009B13A7 /* Frameworks */ = {
			isa = PBXFrameworksBuildPhase;
			buildActionMask = 2147483647;
			files = (
			);
			runOnlyForDeploymentPostprocessing = 0;
		};
/* End PBXFrameworksBuildPhase section */

/* Begin PBXGroup section */
		FCFBF9D528422EF4009B13A7 = {
			isa = PBXGroup;
			children = (
				FCFBFA6B28426461009B13A7 /* README.md */,
				FCFBFA7A28429F0A009B13A7 /* Screenshots */,
				FCFBF9E028422EF4009B13A7 /* ClearScore */,
				FCFBF9F728422EF6009B13A7 /* ClearScoreTests */,
				FCFBFA0128422EF6009B13A7 /* ClearScoreUITests */,
				FCFBF9DF28422EF4009B13A7 /* Products */,
			);
			sourceTree = "<group>";
		};
		FCFBF9DF28422EF4009B13A7 /* Products */ = {
			isa = PBXGroup;
			children = (
				FCFBF9DE28422EF4009B13A7 /* ClearScore.app */,
				FCFBF9F428422EF6009B13A7 /* ClearScoreTests.xctest */,
				FCFBF9FE28422EF6009B13A7 /* ClearScoreUITests.xctest */,
			);
			name = Products;
			sourceTree = "<group>";
		};
		FCFBF9E028422EF4009B13A7 /* ClearScore */ = {
			isa = PBXGroup;
			children = (
				FCFBFA1328422F0D009B13A7 /* Source */,
				FCFBFA1128422EFB009B13A7 /* Resources */,
			);
			path = ClearScore;
			sourceTree = "<group>";
		};
		FCFBF9F728422EF6009B13A7 /* ClearScoreTests */ = {
			isa = PBXGroup;
			children = (
				FCFBFA64284256F2009B13A7 /* Tests */,
				FCFBFA65284256F7009B13A7 /* Framework */,
			);
			path = ClearScoreTests;
			sourceTree = "<group>";
		};
		FCFBFA0128422EF6009B13A7 /* ClearScoreUITests */ = {
			isa = PBXGroup;
			children = (
				FCFBFA0228422EF6009B13A7 /* ClearScoreUITests.swift */,
				FCFBFA0428422EF6009B13A7 /* ClearScoreUITestsLaunchTests.swift */,
			);
			path = ClearScoreUITests;
			sourceTree = "<group>";
		};
		FCFBFA1128422EFB009B13A7 /* Resources */ = {
			isa = PBXGroup;
			children = (
				FCFBFA5128422FE2009B13A7 /* background-0.mp4 */,
				FCFBFA5328422FE3009B13A7 /* background-1.mov */,
				FCFBFA5028422FDF009B13A7 /* Configuration-debug.plist */,
				FCFBFA5828422FF4009B13A7 /* Configuration-release.plist */,
				FCFBFA5228422FE2009B13A7 /* Localizable.strings */,
				FCFBF9EA28422EF5009B13A7 /* Assets.xcassets */,
				FCFBF9EC28422EF5009B13A7 /* LaunchScreen.storyboard */,
				FCFBF9EF28422EF5009B13A7 /* Info.plist */,
			);
			name = Resources;
			sourceTree = "<group>";
		};
		FCFBFA1328422F0D009B13A7 /* Source */ = {
			isa = PBXGroup;
			children = (
				FCFBFA2228422F23009B13A7 /* App */,
				FCFBFA6828425E75009B13A7 /* Interfaces */,
				FCFBFA1428422F23009B13A7 /* Builder */,
				FCFBFA2728422F23009B13A7 /* ViewController */,
				FCFBFA3228422F23009B13A7 /* View */,
				FCFBFA1D28422F23009B13A7 /* Model */,
				FCFBFA2C28422F23009B13A7 /* Repository */,
				FCFBFA2528422F23009B13A7 /* Networking */,
			);
			path = Source;
			sourceTree = "<group>";
		};
		FCFBFA1428422F23009B13A7 /* Builder */ = {
			isa = PBXGroup;
			children = (
				FCFBFA6A284260E6009B13A7 /* Environment Builder */,
				FCFBFA69284260D3009B13A7 /* Module Builder */,
			);
			path = Builder;
			sourceTree = "<group>";
		};
		FCFBFA1D28422F23009B13A7 /* Model */ = {
			isa = PBXGroup;
			children = (
				FCFBFA1E28422F23009B13A7 /* Percentage.swift */,
				FCFBFA1F28422F23009B13A7 /* Currency.swift */,
				FCFBFA2028422F23009B13A7 /* ApplicationConfiguration.swift */,
				FCFBFA2128422F23009B13A7 /* ScoreModel.swift */,
				FCFBFA7228427258009B13A7 /* UserMessage.swift */,
			);
			path = Model;
			sourceTree = "<group>";
		};
		FCFBFA2228422F23009B13A7 /* App */ = {
			isa = PBXGroup;
			children = (
				FCFBF9E128422EF4009B13A7 /* AppDelegate.swift */,
				FCFBF9E328422EF4009B13A7 /* SceneDelegate.swift */,
				FCFBFA2328422F23009B13A7 /* Environment.swift */,
			);
			path = App;
			sourceTree = "<group>";
		};
		FCFBFA2528422F23009B13A7 /* Networking */ = {
			isa = PBXGroup;
			children = (
				FCFBFA2628422F23009B13A7 /* HTTP.swift */,
			);
			path = Networking;
			sourceTree = "<group>";
		};
		FCFBFA2728422F23009B13A7 /* ViewController */ = {
			isa = PBXGroup;
			children = (
				FCFBFA2B28422F23009B13A7 /* LoadingViewController.swift */,
				FCFBFA2928422F23009B13A7 /* ReportViewController.swift */,
				FCFBFA2828422F23009B13A7 /* ScoreViewController.swift */,
				FCFBFA2A28422F23009B13A7 /* InfoViewController.swift */,
				FCFBFA6C284264E0009B13A7 /* ToastViewController.swift */,
				FCFBFA6E284265C9009B13A7 /* AbstractViewModelViewController.swift */,
			);
			path = ViewController;
			sourceTree = "<group>";
		};
		FCFBFA2C28422F23009B13A7 /* Repository */ = {
			isa = PBXGroup;
			children = (
				FCFBFA2D28422F23009B13A7 /* ScoreWebRepository.swift */,
				FCFBFA2E28422F23009B13A7 /* MockScoreRepository.swift */,
			);
			path = Repository;
			sourceTree = "<group>";
		};
		FCFBFA3228422F23009B13A7 /* View */ = {
			isa = PBXGroup;
			children = (
				FCFBFA3328422F23009B13A7 /* InfoItemView.swift */,
				FCFBFA3428422F23009B13A7 /* ArcView.swift */,
				FCFBFA3528422F23009B13A7 /* VideoView.swift */,
				FCFBFA70284268E1009B13A7 /* CardView.swift */,
				FCFBFA78284276DE009B13A7 /* PassthroughView.swift */,
				FCFBFA7D2842B863009B13A7 /* LayoutExtensions.swift */,
			);
			path = View;
			sourceTree = "<group>";
		};
		FCFBFA64284256F2009B13A7 /* Tests */ = {
			isa = PBXGroup;
			children = (
				FCFBF9F828422EF6009B13A7 /* ScoreModelTests.swift */,
				FCFBFA5C284239EF009B13A7 /* ScoreWebRepositoryTests.swift */,
				FCFBFA62284256E9009B13A7 /* JSONHTTPCodableTransportTests.swift */,
			);
			path = Tests;
			sourceTree = "<group>";
		};
		FCFBFA65284256F7009B13A7 /* Framework */ = {
			isa = PBXGroup;
			children = (
				FCFBFA6028425626009B13A7 /* XCTestExtensions.swift */,
			);
			path = Framework;
			sourceTree = "<group>";
		};
		FCFBFA6828425E75009B13A7 /* Interfaces */ = {
			isa = PBXGroup;
			children = (
				FCFBFA1A28422F23009B13A7 /* BuilderProtocols.swift */,
				FCFBFA2F28422F23009B13A7 /* RepositoryProtocols.swift */,
				FCFBFA5E28425180009B13A7 /* Endpoint.swift */,
				FCFBFA7F2842BB42009B13A7 /* Transformer.swift */,
			);
			path = Interfaces;
			sourceTree = "<group>";
		};
		FCFBFA69284260D3009B13A7 /* Module Builder */ = {
			isa = PBXGroup;
			children = (
				FCFBFA76284274AA009B13A7 /* ApplicationModuleBuilder.swift */,
				FCFBFA74284273F2009B13A7 /* ToastModuleBuilder.swift */,
				FCFBFA1528422F23009B13A7 /* LoadingModuleBuilder.swift */,
				FCFBFA1728422F23009B13A7 /* ReportModuleBuilder.swift */,
				FCFBFA1928422F23009B13A7 /* ScoreModuleBuilder.swift */,
				FCFBFA1B28422F23009B13A7 /* ShortTermDebtModuleBuilder.swift */,
				FCFBFA1628422F23009B13A7 /* LongTermDebtModuleBuilder.swift */,
			);
			path = "Module Builder";
			sourceTree = "<group>";
		};
		FCFBFA6A284260E6009B13A7 /* Environment Builder */ = {
			isa = PBXGroup;
			children = (
				FCFBFA1828422F23009B13A7 /* ProductionEnvironmentBuilder.swift */,
				FCFBFA1C28422F23009B13A7 /* TestEnvironmentBuilder.swift */,
			);
			path = "Environment Builder";
			sourceTree = "<group>";
		};
		FCFBFA7A28429F0A009B13A7 /* Screenshots */ = {
			isa = PBXGroup;
			children = (
				FCFBFA7B28429F20009B13A7 /* score-light-portrait.png */,
			);
			path = Screenshots;
			sourceTree = "<group>";
		};
/* End PBXGroup section */

/* Begin PBXNativeTarget section */
		FCFBF9DD28422EF4009B13A7 /* ClearScore */ = {
			isa = PBXNativeTarget;
			buildConfigurationList = FCFBFA0828422EF6009B13A7 /* Build configuration list for PBXNativeTarget "ClearScore" */;
			buildPhases = (
				FCFBF9DA28422EF4009B13A7 /* Sources */,
				FCFBF9DB28422EF4009B13A7 /* Frameworks */,
				FCFBF9DC28422EF4009B13A7 /* Resources */,
			);
			buildRules = (
			);
			dependencies = (
			);
			name = ClearScore;
			productName = ClearScore;
			productReference = FCFBF9DE28422EF4009B13A7 /* ClearScore.app */;
			productType = "com.apple.product-type.application";
		};
		FCFBF9F328422EF6009B13A7 /* ClearScoreTests */ = {
			isa = PBXNativeTarget;
			buildConfigurationList = FCFBFA0B28422EF6009B13A7 /* Build configuration list for PBXNativeTarget "ClearScoreTests" */;
			buildPhases = (
				FCFBF9F028422EF6009B13A7 /* Sources */,
				FCFBF9F128422EF6009B13A7 /* Frameworks */,
				FCFBF9F228422EF6009B13A7 /* Resources */,
			);
			buildRules = (
			);
			dependencies = (
				FCFBF9F628422EF6009B13A7 /* PBXTargetDependency */,
			);
			name = ClearScoreTests;
			productName = ClearScoreTests;
			productReference = FCFBF9F428422EF6009B13A7 /* ClearScoreTests.xctest */;
			productType = "com.apple.product-type.bundle.unit-test";
		};
		FCFBF9FD28422EF6009B13A7 /* ClearScoreUITests */ = {
			isa = PBXNativeTarget;
			buildConfigurationList = FCFBFA0E28422EF6009B13A7 /* Build configuration list for PBXNativeTarget "ClearScoreUITests" */;
			buildPhases = (
				FCFBF9FA28422EF6009B13A7 /* Sources */,
				FCFBF9FB28422EF6009B13A7 /* Frameworks */,
				FCFBF9FC28422EF6009B13A7 /* Resources */,
			);
			buildRules = (
			);
			dependencies = (
				FCFBFA0028422EF6009B13A7 /* PBXTargetDependency */,
			);
			name = ClearScoreUITests;
			productName = ClearScoreUITests;
			productReference = FCFBF9FE28422EF6009B13A7 /* ClearScoreUITests.xctest */;
			productType = "com.apple.product-type.bundle.ui-testing";
		};
/* End PBXNativeTarget section */

/* Begin PBXProject section */
		FCFBF9D628422EF4009B13A7 /* Project object */ = {
			isa = PBXProject;
			attributes = {
				BuildIndependentTargetsInParallel = 1;
				LastSwiftUpdateCheck = 1320;
				LastUpgradeCheck = 1320;
				TargetAttributes = {
					FCFBF9DD28422EF4009B13A7 = {
						CreatedOnToolsVersion = 13.2;
					};
					FCFBF9F328422EF6009B13A7 = {
						CreatedOnToolsVersion = 13.2;
						TestTargetID = FCFBF9DD28422EF4009B13A7;
					};
					FCFBF9FD28422EF6009B13A7 = {
						CreatedOnToolsVersion = 13.2;
						TestTargetID = FCFBF9DD28422EF4009B13A7;
					};
				};
			};
			buildConfigurationList = FCFBF9D928422EF4009B13A7 /* Build configuration list for PBXProject "ClearScore" */;
			compatibilityVersion = "Xcode 13.0";
			developmentRegion = en;
			hasScannedForEncodings = 0;
			knownRegions = (
				en,
				Base,
			);
			mainGroup = FCFBF9D528422EF4009B13A7;
			productRefGroup = FCFBF9DF28422EF4009B13A7 /* Products */;
			projectDirPath = "";
			projectRoot = "";
			targets = (
				FCFBF9DD28422EF4009B13A7 /* ClearScore */,
				FCFBF9F328422EF6009B13A7 /* ClearScoreTests */,
				FCFBF9FD28422EF6009B13A7 /* ClearScoreUITests */,
			);
		};
/* End PBXProject section */

/* Begin PBXResourcesBuildPhase section */
		FCFBF9DC28422EF4009B13A7 /* Resources */ = {
			isa = PBXResourcesBuildPhase;
			buildActionMask = 2147483647;
			files = (
				FCFBFA5528422FE3009B13A7 /* background-0.mp4 in Resources */,
				FCFBFA5628422FE3009B13A7 /* Localizable.strings in Resources */,
				FCFBF9EE28422EF5009B13A7 /* LaunchScreen.storyboard in Resources */,
				FCFBF9EB28422EF5009B13A7 /* Assets.xcassets in Resources */,
				FCFBFA5428422FE3009B13A7 /* Configuration-debug.plist in Resources */,
				FCFBFA5728422FE3009B13A7 /* background-1.mov in Resources */,
				FCFBFA5928422FF4009B13A7 /* Configuration-release.plist in Resources */,
			);
			runOnlyForDeploymentPostprocessing = 0;
		};
		FCFBF9F228422EF6009B13A7 /* Resources */ = {
			isa = PBXResourcesBuildPhase;
			buildActionMask = 2147483647;
			files = (
			);
			runOnlyForDeploymentPostprocessing = 0;
		};
		FCFBF9FC28422EF6009B13A7 /* Resources */ = {
			isa = PBXResourcesBuildPhase;
			buildActionMask = 2147483647;
			files = (
			);
			runOnlyForDeploymentPostprocessing = 0;
		};
/* End PBXResourcesBuildPhase section */

/* Begin PBXSourcesBuildPhase section */
		FCFBF9DA28422EF4009B13A7 /* Sources */ = {
			isa = PBXSourcesBuildPhase;
			buildActionMask = 2147483647;
			files = (
				FCFBFA4128422F23009B13A7 /* ScoreModel.swift in Sources */,
				FCFBFA5F28425180009B13A7 /* Endpoint.swift in Sources */,
				FCFBFA4F28422F23009B13A7 /* VideoView.swift in Sources */,
				FCFBFA4228422F23009B13A7 /* Environment.swift in Sources */,
				FCFBFA71284268E1009B13A7 /* CardView.swift in Sources */,
				FCFBFA4528422F23009B13A7 /* ScoreViewController.swift in Sources */,
				FCFBFA3C28422F23009B13A7 /* ShortTermDebtModuleBuilder.swift in Sources */,
				FCFBFA79284276DE009B13A7 /* PassthroughView.swift in Sources */,
				FCFBFA4E28422F23009B13A7 /* ArcView.swift in Sources */,
				FCFBFA3928422F23009B13A7 /* ProductionEnvironmentBuilder.swift in Sources */,
				FCFBFA3628422F23009B13A7 /* LoadingModuleBuilder.swift in Sources */,
				FCFBF9E228422EF4009B13A7 /* AppDelegate.swift in Sources */,
				FCFBFA7E2842B863009B13A7 /* LayoutExtensions.swift in Sources */,
				FCFBFA75284273F2009B13A7 /* ToastModuleBuilder.swift in Sources */,
				FCFBFA7328427258009B13A7 /* UserMessage.swift in Sources */,
				FCFBFA77284274AA009B13A7 /* ApplicationModuleBuilder.swift in Sources */,
				FCFBFA4928422F23009B13A7 /* ScoreWebRepository.swift in Sources */,
				FCFBFA4628422F23009B13A7 /* ReportViewController.swift in Sources */,
				FCFBFA4A28422F23009B13A7 /* MockScoreRepository.swift in Sources */,
				FCFBFA802842BB42009B13A7 /* Transformer.swift in Sources */,
				FCFBFA3E28422F23009B13A7 /* Percentage.swift in Sources */,
				FCFBFA4728422F23009B13A7 /* InfoViewController.swift in Sources */,
				FCFBFA6F284265C9009B13A7 /* AbstractViewModelViewController.swift in Sources */,
				FCFBFA3A28422F23009B13A7 /* ScoreModuleBuilder.swift in Sources */,
				FCFBFA4428422F23009B13A7 /* HTTP.swift in Sources */,
				FCFBFA3828422F23009B13A7 /* ReportModuleBuilder.swift in Sources */,
				FCFBFA4D28422F23009B13A7 /* InfoItemView.swift in Sources */,
				FCFBFA3F28422F23009B13A7 /* Currency.swift in Sources */,
				FCFBFA4028422F23009B13A7 /* ApplicationConfiguration.swift in Sources */,
				FCFBFA6D284264E0009B13A7 /* ToastViewController.swift in Sources */,
				FCFBFA3728422F23009B13A7 /* LongTermDebtModuleBuilder.swift in Sources */,
				FCFBFA3D28422F23009B13A7 /* TestEnvironmentBuilder.swift in Sources */,
				FCFBFA3B28422F23009B13A7 /* BuilderProtocols.swift in Sources */,
				FCFBFA4828422F23009B13A7 /* LoadingViewController.swift in Sources */,
				FCFBFA4B28422F23009B13A7 /* RepositoryProtocols.swift in Sources */,
				FCFBF9E428422EF4009B13A7 /* SceneDelegate.swift in Sources */,
			);
			runOnlyForDeploymentPostprocessing = 0;
		};
		FCFBF9F028422EF6009B13A7 /* Sources */ = {
			isa = PBXSourcesBuildPhase;
			buildActionMask = 2147483647;
			files = (
				FCFBFA5D284239EF009B13A7 /* ScoreWebRepositoryTests.swift in Sources */,
				FCFBFA6128425626009B13A7 /* XCTestExtensions.swift in Sources */,
				FCFBFA63284256E9009B13A7 /* JSONHTTPCodableTransportTests.swift in Sources */,
				FCFBF9F928422EF6009B13A7 /* ScoreModelTests.swift in Sources */,
			);
			runOnlyForDeploymentPostprocessing = 0;
		};
		FCFBF9FA28422EF6009B13A7 /* Sources */ = {
			isa = PBXSourcesBuildPhase;
			buildActionMask = 2147483647;
			files = (
				FCFBFA0328422EF6009B13A7 /* ClearScoreUITests.swift in Sources */,
				FCFBFA0528422EF6009B13A7 /* ClearScoreUITestsLaunchTests.swift in Sources */,
			);
			runOnlyForDeploymentPostprocessing = 0;
		};
/* End PBXSourcesBuildPhase section */

/* Begin PBXTargetDependency section */
		FCFBF9F628422EF6009B13A7 /* PBXTargetDependency */ = {
			isa = PBXTargetDependency;
			target = FCFBF9DD28422EF4009B13A7 /* ClearScore */;
			targetProxy = FCFBF9F528422EF6009B13A7 /* PBXContainerItemProxy */;
		};
		FCFBFA0028422EF6009B13A7 /* PBXTargetDependency */ = {
			isa = PBXTargetDependency;
			target = FCFBF9DD28422EF4009B13A7 /* ClearScore */;
			targetProxy = FCFBF9FF28422EF6009B13A7 /* PBXContainerItemProxy */;
		};
/* End PBXTargetDependency section */

/* Begin PBXVariantGroup section */
		FCFBF9EC28422EF5009B13A7 /* LaunchScreen.storyboard */ = {
			isa = PBXVariantGroup;
			children = (
				FCFBF9ED28422EF5009B13A7 /* Base */,
			);
			name = LaunchScreen.storyboard;
			sourceTree = "<group>";
		};
/* End PBXVariantGroup section */

/* Begin XCBuildConfiguration section */
		FCFBFA0628422EF6009B13A7 /* Debug */ = {
			isa = XCBuildConfiguration;
			buildSettings = {
				ALWAYS_SEARCH_USER_PATHS = NO;
				CLANG_ANALYZER_NONNULL = YES;
				CLANG_ANALYZER_NUMBER_OBJECT_CONVERSION = YES_AGGRESSIVE;
				CLANG_CXX_LANGUAGE_STANDARD = "gnu++17";
				CLANG_CXX_LIBRARY = "libc++";
				CLANG_ENABLE_MODULES = YES;
				CLANG_ENABLE_OBJC_ARC = YES;
				CLANG_ENABLE_OBJC_WEAK = YES;
				CLANG_WARN_BLOCK_CAPTURE_AUTORELEASING = YES;
				CLANG_WARN_BOOL_CONVERSION = YES;
				CLANG_WARN_COMMA = YES;
				CLANG_WARN_CONSTANT_CONVERSION = YES;
				CLANG_WARN_DEPRECATED_OBJC_IMPLEMENTATIONS = YES;
				CLANG_WARN_DIRECT_OBJC_ISA_USAGE = YES_ERROR;
				CLANG_WARN_DOCUMENTATION_COMMENTS = YES;
				CLANG_WARN_EMPTY_BODY = YES;
				CLANG_WARN_ENUM_CONVERSION = YES;
				CLANG_WARN_INFINITE_RECURSION = YES;
				CLANG_WARN_INT_CONVERSION = YES;
				CLANG_WARN_NON_LITERAL_NULL_CONVERSION = YES;
				CLANG_WARN_OBJC_IMPLICIT_RETAIN_SELF = YES;
				CLANG_WARN_OBJC_LITERAL_CONVERSION = YES;
				CLANG_WARN_OBJC_ROOT_CLASS = YES_ERROR;
				CLANG_WARN_QUOTED_INCLUDE_IN_FRAMEWORK_HEADER = YES;
				CLANG_WARN_RANGE_LOOP_ANALYSIS = YES;
				CLANG_WARN_STRICT_PROTOTYPES = YES;
				CLANG_WARN_SUSPICIOUS_MOVE = YES;
				CLANG_WARN_UNGUARDED_AVAILABILITY = YES_AGGRESSIVE;
				CLANG_WARN_UNREACHABLE_CODE = YES;
				CLANG_WARN__DUPLICATE_METHOD_MATCH = YES;
				COPY_PHASE_STRIP = NO;
				DEBUG_INFORMATION_FORMAT = dwarf;
				ENABLE_STRICT_OBJC_MSGSEND = YES;
				ENABLE_TESTABILITY = YES;
				GCC_C_LANGUAGE_STANDARD = gnu11;
				GCC_DYNAMIC_NO_PIC = NO;
				GCC_NO_COMMON_BLOCKS = YES;
				GCC_OPTIMIZATION_LEVEL = 0;
				GCC_PREPROCESSOR_DEFINITIONS = (
					"DEBUG=1",
					"$(inherited)",
				);
				GCC_WARN_64_TO_32_BIT_CONVERSION = YES;
				GCC_WARN_ABOUT_RETURN_TYPE = YES_ERROR;
				GCC_WARN_UNDECLARED_SELECTOR = YES;
				GCC_WARN_UNINITIALIZED_AUTOS = YES_AGGRESSIVE;
				GCC_WARN_UNUSED_FUNCTION = YES;
				GCC_WARN_UNUSED_VARIABLE = YES;
				IPHONEOS_DEPLOYMENT_TARGET = 15.2;
				MTL_ENABLE_DEBUG_INFO = INCLUDE_SOURCE;
				MTL_FAST_MATH = YES;
				ONLY_ACTIVE_ARCH = YES;
				SDKROOT = iphoneos;
				SWIFT_ACTIVE_COMPILATION_CONDITIONS = DEBUG;
				SWIFT_OPTIMIZATION_LEVEL = "-Onone";
			};
			name = Debug;
		};
		FCFBFA0728422EF6009B13A7 /* Release */ = {
			isa = XCBuildConfiguration;
			buildSettings = {
				ALWAYS_SEARCH_USER_PATHS = NO;
				CLANG_ANALYZER_NONNULL = YES;
				CLANG_ANALYZER_NUMBER_OBJECT_CONVERSION = YES_AGGRESSIVE;
				CLANG_CXX_LANGUAGE_STANDARD = "gnu++17";
				CLANG_CXX_LIBRARY = "libc++";
				CLANG_ENABLE_MODULES = YES;
				CLANG_ENABLE_OBJC_ARC = YES;
				CLANG_ENABLE_OBJC_WEAK = YES;
				CLANG_WARN_BLOCK_CAPTURE_AUTORELEASING = YES;
				CLANG_WARN_BOOL_CONVERSION = YES;
				CLANG_WARN_COMMA = YES;
				CLANG_WARN_CONSTANT_CONVERSION = YES;
				CLANG_WARN_DEPRECATED_OBJC_IMPLEMENTATIONS = YES;
				CLANG_WARN_DIRECT_OBJC_ISA_USAGE = YES_ERROR;
				CLANG_WARN_DOCUMENTATION_COMMENTS = YES;
				CLANG_WARN_EMPTY_BODY = YES;
				CLANG_WARN_ENUM_CONVERSION = YES;
				CLANG_WARN_INFINITE_RECURSION = YES;
				CLANG_WARN_INT_CONVERSION = YES;
				CLANG_WARN_NON_LITERAL_NULL_CONVERSION = YES;
				CLANG_WARN_OBJC_IMPLICIT_RETAIN_SELF = YES;
				CLANG_WARN_OBJC_LITERAL_CONVERSION = YES;
				CLANG_WARN_OBJC_ROOT_CLASS = YES_ERROR;
				CLANG_WARN_QUOTED_INCLUDE_IN_FRAMEWORK_HEADER = YES;
				CLANG_WARN_RANGE_LOOP_ANALYSIS = YES;
				CLANG_WARN_STRICT_PROTOTYPES = YES;
				CLANG_WARN_SUSPICIOUS_MOVE = YES;
				CLANG_WARN_UNGUARDED_AVAILABILITY = YES_AGGRESSIVE;
				CLANG_WARN_UNREACHABLE_CODE = YES;
				CLANG_WARN__DUPLICATE_METHOD_MATCH = YES;
				COPY_PHASE_STRIP = NO;
				DEBUG_INFORMATION_FORMAT = "dwarf-with-dsym";
				ENABLE_NS_ASSERTIONS = NO;
				ENABLE_STRICT_OBJC_MSGSEND = YES;
				GCC_C_LANGUAGE_STANDARD = gnu11;
				GCC_NO_COMMON_BLOCKS = YES;
				GCC_WARN_64_TO_32_BIT_CONVERSION = YES;
				GCC_WARN_ABOUT_RETURN_TYPE = YES_ERROR;
				GCC_WARN_UNDECLARED_SELECTOR = YES;
				GCC_WARN_UNINITIALIZED_AUTOS = YES_AGGRESSIVE;
				GCC_WARN_UNUSED_FUNCTION = YES;
				GCC_WARN_UNUSED_VARIABLE = YES;
				IPHONEOS_DEPLOYMENT_TARGET = 15.2;
				MTL_ENABLE_DEBUG_INFO = NO;
				MTL_FAST_MATH = YES;
				SDKROOT = iphoneos;
				SWIFT_COMPILATION_MODE = wholemodule;
				SWIFT_OPTIMIZATION_LEVEL = "-O";
				VALIDATE_PRODUCT = YES;
			};
			name = Release;
		};
		FCFBFA0928422EF6009B13A7 /* Debug */ = {
			isa = XCBuildConfiguration;
			buildSettings = {
				ASSETCATALOG_COMPILER_APPICON_NAME = AppIcon;
				ASSETCATALOG_COMPILER_GLOBAL_ACCENT_COLOR_NAME = AccentColor;
				CODE_SIGN_STYLE = Automatic;
				CURRENT_PROJECT_VERSION = 1;
				DEVELOPMENT_TEAM = DBK476475Y;
				GENERATE_INFOPLIST_FILE = YES;
				INFOPLIST_FILE = ClearScore/Info.plist;
				INFOPLIST_KEY_UIApplicationSupportsIndirectInputEvents = YES;
				INFOPLIST_KEY_UILaunchStoryboardName = LaunchScreen;
				INFOPLIST_KEY_UIRequiresFullScreen = NO;
				INFOPLIST_KEY_UISupportedInterfaceOrientations = UIInterfaceOrientationPortrait;
				INFOPLIST_KEY_UISupportedInterfaceOrientations_iPad = "UIInterfaceOrientationPortrait UIInterfaceOrientationPortraitUpsideDown UIInterfaceOrientationLandscapeLeft UIInterfaceOrientationLandscapeRight";
				INFOPLIST_KEY_UISupportedInterfaceOrientations_iPhone = "UIInterfaceOrientationPortrait UIInterfaceOrientationLandscapeLeft UIInterfaceOrientationLandscapeRight";
				LD_RUNPATH_SEARCH_PATHS = (
					"$(inherited)",
					"@executable_path/Frameworks",
				);
				MARKETING_VERSION = 1.0;
				PRODUCT_BUNDLE_IDENTIFIER = com.lukevanin.ClearScore;
				PRODUCT_NAME = "$(TARGET_NAME)";
				SWIFT_EMIT_LOC_STRINGS = YES;
				SWIFT_VERSION = 5.0;
				TARGETED_DEVICE_FAMILY = "1,2";
			};
			name = Debug;
		};
		FCFBFA0A28422EF6009B13A7 /* Release */ = {
			isa = XCBuildConfiguration;
			buildSettings = {
				ASSETCATALOG_COMPILER_APPICON_NAME = AppIcon;
				ASSETCATALOG_COMPILER_GLOBAL_ACCENT_COLOR_NAME = AccentColor;
				CODE_SIGN_STYLE = Automatic;
				CURRENT_PROJECT_VERSION = 1;
				DEVELOPMENT_TEAM = DBK476475Y;
				GENERATE_INFOPLIST_FILE = YES;
				INFOPLIST_FILE = ClearScore/Info.plist;
				INFOPLIST_KEY_UIApplicationSupportsIndirectInputEvents = YES;
				INFOPLIST_KEY_UILaunchStoryboardName = LaunchScreen;
				INFOPLIST_KEY_UIRequiresFullScreen = NO;
				INFOPLIST_KEY_UISupportedInterfaceOrientations = UIInterfaceOrientationPortrait;
				INFOPLIST_KEY_UISupportedInterfaceOrientations_iPad = "UIInterfaceOrientationPortrait UIInterfaceOrientationPortraitUpsideDown UIInterfaceOrientationLandscapeLeft UIInterfaceOrientationLandscapeRight";
				INFOPLIST_KEY_UISupportedInterfaceOrientations_iPhone = "UIInterfaceOrientationPortrait UIInterfaceOrientationLandscapeLeft UIInterfaceOrientationLandscapeRight";
				LD_RUNPATH_SEARCH_PATHS = (
					"$(inherited)",
					"@executable_path/Frameworks",
				);
				MARKETING_VERSION = 1.0;
				PRODUCT_BUNDLE_IDENTIFIER = com.lukevanin.ClearScore;
				PRODUCT_NAME = "$(TARGET_NAME)";
				SWIFT_EMIT_LOC_STRINGS = YES;
				SWIFT_VERSION = 5.0;
				TARGETED_DEVICE_FAMILY = "1,2";
			};
			name = Release;
		};
		FCFBFA0C28422EF6009B13A7 /* Debug */ = {
			isa = XCBuildConfiguration;
			buildSettings = {
				ALWAYS_EMBED_SWIFT_STANDARD_LIBRARIES = YES;
				BUNDLE_LOADER = "$(TEST_HOST)";
				CODE_SIGN_STYLE = Automatic;
				CURRENT_PROJECT_VERSION = 1;
				DEVELOPMENT_TEAM = DBK476475Y;
				GENERATE_INFOPLIST_FILE = YES;
				IPHONEOS_DEPLOYMENT_TARGET = 15.2;
				MARKETING_VERSION = 1.0;
				PRODUCT_BUNDLE_IDENTIFIER = com.lukevanin.ClearScoreTests;
				PRODUCT_NAME = "$(TARGET_NAME)";
				SWIFT_EMIT_LOC_STRINGS = NO;
				SWIFT_VERSION = 5.0;
				TARGETED_DEVICE_FAMILY = "1,2";
				TEST_HOST = "$(BUILT_PRODUCTS_DIR)/ClearScore.app/ClearScore";
			};
			name = Debug;
		};
		FCFBFA0D28422EF6009B13A7 /* Release */ = {
			isa = XCBuildConfiguration;
			buildSettings = {
				ALWAYS_EMBED_SWIFT_STANDARD_LIBRARIES = YES;
				BUNDLE_LOADER = "$(TEST_HOST)";
				CODE_SIGN_STYLE = Automatic;
				CURRENT_PROJECT_VERSION = 1;
				DEVELOPMENT_TEAM = DBK476475Y;
				GENERATE_INFOPLIST_FILE = YES;
				IPHONEOS_DEPLOYMENT_TARGET = 15.2;
				MARKETING_VERSION = 1.0;
				PRODUCT_BUNDLE_IDENTIFIER = com.lukevanin.ClearScoreTests;
				PRODUCT_NAME = "$(TARGET_NAME)";
				SWIFT_EMIT_LOC_STRINGS = NO;
				SWIFT_VERSION = 5.0;
				TARGETED_DEVICE_FAMILY = "1,2";
				TEST_HOST = "$(BUILT_PRODUCTS_DIR)/ClearScore.app/ClearScore";
			};
			name = Release;
		};
		FCFBFA0F28422EF6009B13A7 /* Debug */ = {
			isa = XCBuildConfiguration;
			buildSettings = {
				ALWAYS_EMBED_SWIFT_STANDARD_LIBRARIES = YES;
				CODE_SIGN_STYLE = Automatic;
				CURRENT_PROJECT_VERSION = 1;
				DEVELOPMENT_TEAM = DBK476475Y;
				GENERATE_INFOPLIST_FILE = YES;
				MARKETING_VERSION = 1.0;
				PRODUCT_BUNDLE_IDENTIFIER = com.lukevanin.ClearScoreUITests;
				PRODUCT_NAME = "$(TARGET_NAME)";
				SWIFT_EMIT_LOC_STRINGS = NO;
				SWIFT_VERSION = 5.0;
				TARGETED_DEVICE_FAMILY = "1,2";
				TEST_TARGET_NAME = ClearScore;
			};
			name = Debug;
		};
		FCFBFA1028422EF6009B13A7 /* Release */ = {
			isa = XCBuildConfiguration;
			buildSettings = {
				ALWAYS_EMBED_SWIFT_STANDARD_LIBRARIES = YES;
				CODE_SIGN_STYLE = Automatic;
				CURRENT_PROJECT_VERSION = 1;
				DEVELOPMENT_TEAM = DBK476475Y;
				GENERATE_INFOPLIST_FILE = YES;
				MARKETING_VERSION = 1.0;
				PRODUCT_BUNDLE_IDENTIFIER = com.lukevanin.ClearScoreUITests;
				PRODUCT_NAME = "$(TARGET_NAME)";
				SWIFT_EMIT_LOC_STRINGS = NO;
				SWIFT_VERSION = 5.0;
				TARGETED_DEVICE_FAMILY = "1,2";
				TEST_TARGET_NAME = ClearScore;
			};
			name = Release;
		};
/* End XCBuildConfiguration section */

/* Begin XCConfigurationList section */
		FCFBF9D928422EF4009B13A7 /* Build configuration list for PBXProject "ClearScore" */ = {
			isa = XCConfigurationList;
			buildConfigurations = (
				FCFBFA0628422EF6009B13A7 /* Debug */,
				FCFBFA0728422EF6009B13A7 /* Release */,
			);
			defaultConfigurationIsVisible = 0;
			defaultConfigurationName = Release;
		};
		FCFBFA0828422EF6009B13A7 /* Build configuration list for PBXNativeTarget "ClearScore" */ = {
			isa = XCConfigurationList;
			buildConfigurations = (
				FCFBFA0928422EF6009B13A7 /* Debug */,
				FCFBFA0A28422EF6009B13A7 /* Release */,
			);
			defaultConfigurationIsVisible = 0;
			defaultConfigurationName = Release;
		};
		FCFBFA0B28422EF6009B13A7 /* Build configuration list for PBXNativeTarget "ClearScoreTests" */ = {
			isa = XCConfigurationList;
			buildConfigurations = (
				FCFBFA0C28422EF6009B13A7 /* Debug */,
				FCFBFA0D28422EF6009B13A7 /* Release */,
			);
			defaultConfigurationIsVisible = 0;
			defaultConfigurationName = Release;
		};
		FCFBFA0E28422EF6009B13A7 /* Build configuration list for PBXNativeTarget "ClearScoreUITests" */ = {
			isa = XCConfigurationList;
			buildConfigurations = (
				FCFBFA0F28422EF6009B13A7 /* Debug */,
				FCFBFA1028422EF6009B13A7 /* Release */,
			);
			defaultConfigurationIsVisible = 0;
			defaultConfigurationName = Release;
		};
/* End XCConfigurationList section */
	};
	rootObject = FCFBF9D628422EF4009B13A7 /* Project object */;
}
